
Microsoft Visual Studio Solution File, Format Version 12.00
# Visual Studio 15
VisualStudioVersion = 15.0.28307.1082
MinimumVisualStudioVersion = 10.0.40219.1
Project("{FAE04EC0-301F-11D3-BF4B-00C04F79EFBC}") = "ApiCallingUI", "ApiCallingUI\ApiCallingUI.csproj", "{EECE9AC7-5624-4980-880B-D114A16B266F}"
EndProject
Project("{FAE04EC0-301F-11D3-BF4B-00C04F79EFBC}") = "ApiCallingLibrary", "ApiCallingLibrary\ApiCallingLibrary.csproj", "{4A741760-82FC-4C48-8B00-340423D1919A}"
EndProject
Global
	GlobalSection(SolutionConfigurationPlatforms) = preSolution
		Debug|Any CPU = Debug|Any CPU
		Release|Any CPU = Release|Any CPU
	EndGlobalSection
	GlobalSection(ProjectConfigurationPlatforms) = postSolution
		{EECE9AC7-5624-4980-880B-D114A16B266F}.Debug|Any CPU.ActiveCfg = Debug|Any CPU
		{EECE9AC7-5624-4980-880B-D114A16B266F}.Debug|Any CPU.Build.0 = Debug|Any CPU
		{EECE9AC7-5624-4980-880B-D114A16B266F}.Release|Any CPU.ActiveCfg = Release|Any CPU
		{EECE9AC7-5624-4980-880B-D114A16B266F}.Release|Any CPU.Build.0 = Release|Any CPU
		{4A741760-82FC-4C48-8B00-340423D1919A}.Debug|Any CPU.ActiveCfg = Debug|Any CPU
		{4A741760-82FC-4C48-8B00-340423D1919A}.Debug|Any CPU.Build.0 = Debug|Any CPU
		{4A741760-82FC-4C48-8B00-340423D1919A}.Release|Any CPU.ActiveCfg = Release|Any CPU
		{4A741760-82FC-4C48-8B00-340423D1919A}.Release|Any CPU.Build.0 = Release|Any CPU
	EndGlobalSection
	GlobalSection(SolutionProperties) = preSolution
		HideSolutionNode = FALSE
	EndGlobalSection
	GlobalSection(ExtensibilityGlobals) = postSolution
		SolutionGuid = {EBD52CA4-D912-4784-9702-F18842B38634}
	EndGlobalSection
EndGlobal
